
Microsoft Visual Studio Solution File, Format Version 12.00
# Visual Studio Version 16
VisualStudioVersion = 16.0.31321.278
MinimumVisualStudioVersion = 10.0.40219.1
Project("{FAE04EC0-301F-11D3-BF4B-00C04F79EFBC}") = "Dictionaries_Houston_Morgan", "Dictionaries_Houston_Morgan.csproj", "{F82B0B56-183C-41C6-BF9F-E7220C825483}"
EndProject
Global
	GlobalSection(SolutionConfigurationPlatforms) = preSolution
		Debug|Any CPU = Debug|Any CPU
		Release|Any CPU = Release|Any CPU
	EndGlobalSection
	GlobalSection(ProjectConfigurationPlatforms) = postSolution
		{F82B0B56-183C-41C6-BF9F-E7220C825483}.Debug|Any CPU.ActiveCfg = Debug|Any CPU
		{F82B0B56-183C-41C6-BF9F-E7220C825483}.Debug|Any CPU.Build.0 = Debug|Any CPU
		{F82B0B56-183C-41C6-BF9F-E7220C825483}.Release|Any CPU.ActiveCfg = Release|Any CPU
		{F82B0B56-183C-41C6-BF9F-E7220C825483}.Release|Any CPU.Build.0 = Release|Any CPU
	EndGlobalSection
	GlobalSection(SolutionProperties) = preSolution
		HideSolutionNode = FALSE
	EndGlobalSection
	GlobalSection(ExtensibilityGlobals) = postSolution
		SolutionGuid = {821A42DA-1853-46DE-93E2-E5C9FCFA7603}
	EndGlobalSection
EndGlobal
